Microsoft Visual Studio Solution File, Format Version 12.00
# Visual Studio 15
VisualStudioVersion = 15.0.26730.8
MinimumVisualStudioVersion = 10.0.40219.1
Project("{2150E333-8FDC-42A3-9474-1A3956D46DE8}") = "src", "src", "{63AA742E-48C8-4644-9E3E-4E39C10E3BF7}"
EndProject
Project("{2150E333-8FDC-42A3-9474-1A3956D46DE8}") = "Solution Items", "Solution Items", "{377B013C-3414-400A-B3F5-45766207AD7A}"
	ProjectSection(SolutionItems) = preProject
		appveyor.yml = appveyor.yml
		README.md = README.md
	EndProjectSection
EndProject
Project("{9A19103F-16F7-4668-BE54-9A1E7A4F7556}") = "PayFast", "src\PayFast\PayFast.csproj", "{86DC7F57-53DB-4A11-A9FD-00394BEA9856}"
EndProject
Project("{2150E333-8FDC-42A3-9474-1A3956D46DE8}") = "test", "test", "{2CCC2D7B-A925-4B60-8FF5-075F682E03B0}"
EndProject
Project("{9A19103F-16F7-4668-BE54-9A1E7A4F7556}") = "PayFast.UnitTests", "test\PayFast.UnitTests\PayFast.UnitTests.csproj", "{B535F321-441E-4073-9C21-EEFF65CADE55}"
EndProject
Project("{2150E333-8FDC-42A3-9474-1A3956D46DE8}") = "samples", "samples", "{CE474789-B6F5-407F-A81B-ACF7E5C40563}"
EndProject
Project("{9A19103F-16F7-4668-BE54-9A1E7A4F7556}") = "PayFast.Web.Core", "samples\PayFast.Web.Core\PayFast.Web.Core.csproj", "{A335E52B-6B68-4651-92EA-B4D8A4FD421E}"
EndProject
Project("{FAE04EC0-301F-11D3-BF4B-00C04F79EFBC}") = "PayFast.Web.Net", "samples\PayFast.Web.Net\PayFast.Web.Net.csproj", "{62CAA6CF-F4AC-498C-B25A-C18C9CA64A65}"
EndProject
Project("{FAE04EC0-301F-11D3-BF4B-00C04F79EFBC}") = "PayFast.AspNetCore", "src\PayFast.AspNetCore\PayFast.AspNetCore.csproj", "{39E317DA-9587-4709-BDFC-42201333D9BE}"
EndProject
Project("{FAE04EC0-301F-11D3-BF4B-00C04F79EFBC}") = "PayFast.AspNet", "src\PayFast.AspNet\PayFast.AspNet.csproj", "{6100A896-8955-4E28-AC87-939216449340}"
EndProject
Global
	GlobalSection(SolutionConfigurationPlatforms) = preSolution
		Debug|Any CPU = Debug|Any CPU
		Release|Any CPU = Release|Any CPU
	EndGlobalSection
	GlobalSection(ProjectConfigurationPlatforms) = postSolution
		{86DC7F57-53DB-4A11-A9FD-00394BEA9856}.Debug|Any CPU.ActiveCfg = Debug|Any CPU
		{86DC7F57-53DB-4A11-A9FD-00394BEA9856}.Debug|Any CPU.Build.0 = Debug|Any CPU
		{86DC7F57-53DB-4A11-A9FD-00394BEA9856}.Release|Any CPU.ActiveCfg = Release|Any CPU
		{86DC7F57-53DB-4A11-A9FD-00394BEA9856}.Release|Any CPU.Build.0 = Release|Any CPU
		{B535F321-441E-4073-9C21-EEFF65CADE55}.Debug|Any CPU.ActiveCfg = Debug|Any CPU
		{B535F321-441E-4073-9C21-EEFF65CADE55}.Debug|Any CPU.Build.0 = Debug|Any CPU
		{B535F321-441E-4073-9C21-EEFF65CADE55}.Release|Any CPU.ActiveCfg = Release|Any CPU
		{B535F321-441E-4073-9C21-EEFF65CADE55}.Release|Any CPU.Build.0 = Release|Any CPU
		{A335E52B-6B68-4651-92EA-B4D8A4FD421E}.Debug|Any CPU.ActiveCfg = Debug|Any CPU
		{A335E52B-6B68-4651-92EA-B4D8A4FD421E}.Debug|Any CPU.Build.0 = Debug|Any CPU
		{A335E52B-6B68-4651-92EA-B4D8A4FD421E}.Release|Any CPU.ActiveCfg = Release|Any CPU
		{A335E52B-6B68-4651-92EA-B4D8A4FD421E}.Release|Any CPU.Build.0 = Release|Any CPU
		{62CAA6CF-F4AC-498C-B25A-C18C9CA64A65}.Debug|Any CPU.ActiveCfg = Debug|Any CPU
		{62CAA6CF-F4AC-498C-B25A-C18C9CA64A65}.Debug|Any CPU.Build.0 = Debug|Any CPU
		{62CAA6CF-F4AC-498C-B25A-C18C9CA64A65}.Release|Any CPU.ActiveCfg = Release|Any CPU
		{62CAA6CF-F4AC-498C-B25A-C18C9CA64A65}.Release|Any CPU.Build.0 = Release|Any CPU
		{39E317DA-9587-4709-BDFC-42201333D9BE}.Debug|Any CPU.ActiveCfg = Debug|Any CPU
		{39E317DA-9587-4709-BDFC-42201333D9BE}.Debug|Any CPU.Build.0 = Debug|Any CPU
		{39E317DA-9587-4709-BDFC-42201333D9BE}.Release|Any CPU.ActiveCfg = Release|Any CPU
		{39E317DA-9587-4709-BDFC-42201333D9BE}.Release|Any CPU.Build.0 = Release|Any CPU
		{6100A896-8955-4E28-AC87-939216449340}.Debug|Any CPU.ActiveCfg = Debug|Any CPU
		{6100A896-8955-4E28-AC87-939216449340}.Debug|Any CPU.Build.0 = Debug|Any CPU
		{6100A896-8955-4E28-AC87-939216449340}.Release|Any CPU.ActiveCfg = Release|Any CPU
		{6100A896-8955-4E28-AC87-939216449340}.Release|Any CPU.Build.0 = Release|Any CPU
	EndGlobalSection
	GlobalSection(SolutionProperties) = preSolution
		HideSolutionNode = FALSE
	EndGlobalSection
	GlobalSection(NestedProjects) = preSolution
		{86DC7F57-53DB-4A11-A9FD-00394BEA9856} = {63AA742E-48C8-4644-9E3E-4E39C10E3BF7}
		{B535F321-441E-4073-9C21-EEFF65CADE55} = {2CCC2D7B-A925-4B60-8FF5-075F682E03B0}
		{A335E52B-6B68-4651-92EA-B4D8A4FD421E} = {CE474789-B6F5-407F-A81B-ACF7E5C40563}
		{62CAA6CF-F4AC-498C-B25A-C18C9CA64A65} = {CE474789-B6F5-407F-A81B-ACF7E5C40563}
		{39E317DA-9587-4709-BDFC-42201333D9BE} = {63AA742E-48C8-4644-9E3E-4E39C10E3BF7}
		{6100A896-8955-4E28-AC87-939216449340} = {63AA742E-48C8-4644-9E3E-4E39C10E3BF7}
	EndGlobalSection
	GlobalSection(ExtensibilityGlobals) = postSolution
		SolutionGuid = {47886C88-1CC3-4FC1-AA1B-76F5F515A22C}
	EndGlobalSection
EndGlobal
